// !$*UTF8*$!
{
	archiveVersion = 1;
	classes = {
	};
	objectVersion = 50;
	objects = {

/* Begin PBXBuildFile section */
		365FC3092343EA550004959E /* Movie+Init.swift in Sources */ = {isa = PBXBuildFile; fileRef = 365FC3082343EA550004959E /* Movie+Init.swift */; };
		BB082CF22342BC6B00DCE7E1 /* FavoriteMovieTableViewCell.swift in Sources */ = {isa = PBXBuildFile; fileRef = BB082CF02342BC6B00DCE7E1 /* FavoriteMovieTableViewCell.swift */; };
		BB082CF32342BC6B00DCE7E1 /* FavoriteMovieTableViewCell.xib in Resources */ = {isa = PBXBuildFile; fileRef = BB082CF12342BC6B00DCE7E1 /* FavoriteMovieTableViewCell.xib */; };
		BB082CF52342C22100DCE7E1 /* Favorites.storyboard in Resources */ = {isa = PBXBuildFile; fileRef = BB082CF42342C22100DCE7E1 /* Favorites.storyboard */; };
		BB082CF72342C26C00DCE7E1 /* FavoriteMoviesListViewController.swift in Sources */ = {isa = PBXBuildFile; fileRef = BB082CF62342C26C00DCE7E1 /* FavoriteMoviesListViewController.swift */; };
		BB082CFC2342F1D400DCE7E1 /* FavoriteMoviesListViewController.strings in Resources */ = {isa = PBXBuildFile; fileRef = BB082CFE2342F1D400DCE7E1 /* FavoriteMoviesListViewController.strings */; };
		BB1C1DC72342B3580092265D /* Favorite+CoreDataClass.swift in Sources */ = {isa = PBXBuildFile; fileRef = BB1C1DC52342B3580092265D /* Favorite+CoreDataClass.swift */; };
		BB1C1DC82342B3580092265D /* Favorite+CoreDataProperties.swift in Sources */ = {isa = PBXBuildFile; fileRef = BB1C1DC62342B3580092265D /* Favorite+CoreDataProperties.swift */; };
		BB1C1DCD2342B8260092265D /* FavoriteMoviesListView.xib in Resources */ = {isa = PBXBuildFile; fileRef = BB1C1DCC2342B8260092265D /* FavoriteMoviesListView.xib */; };
		BB1C1DCF2342B8330092265D /* FavoriteMoviesListView.swift in Sources */ = {isa = PBXBuildFile; fileRef = BB1C1DCE2342B8330092265D /* FavoriteMoviesListView.swift */; };
		BB1F18BE2346D5F400A70294 /* FavoriteMoviesListView.strings in Resources */ = {isa = PBXBuildFile; fileRef = BB1F18C02346D5F400A70294 /* FavoriteMoviesListView.strings */; };
		BB58BFE7232EBE1400A13142 /* FavoriteMoviesCoordinator.strings in Resources */ = {isa = PBXBuildFile; fileRef = BB58BFE9232EBE1400A13142 /* FavoriteMoviesCoordinator.strings */; };
		BB6045902348CB880047FA41 /* FavoriteFilterViewController.swift in Sources */ = {isa = PBXBuildFile; fileRef = BB60458F2348CB880047FA41 /* FavoriteFilterViewController.swift */; };
		BB6045932348CCAE0047FA41 /* FavoriteFilterViewController.strings in Resources */ = {isa = PBXBuildFile; fileRef = BB6045952348CCAE0047FA41 /* FavoriteFilterViewController.strings */; };
		BB6045982348CDA50047FA41 /* FavoriteFilterView.xib in Resources */ = {isa = PBXBuildFile; fileRef = BB6045972348CDA50047FA41 /* FavoriteFilterView.xib */; };
		BB60459A2348CDB40047FA41 /* FavoriteFilterView.swift in Sources */ = {isa = PBXBuildFile; fileRef = BB6045992348CDB40047FA41 /* FavoriteFilterView.swift */; };
		BB60459D2348CDDC0047FA41 /* FavoriteFilterView.strings in Resources */ = {isa = PBXBuildFile; fileRef = BB60459F2348CDDC0047FA41 /* FavoriteFilterView.strings */; };
		BB6191E9232411E9007E4C48 /* FavoriteMoviesModule.swift in Sources */ = {isa = PBXBuildFile; fileRef = BB6191E8232411E9007E4C48 /* FavoriteMoviesModule.swift */; };
		BB6191ED232413BA007E4C48 /* FavoriteMoviesCoordinator.swift in Sources */ = {isa = PBXBuildFile; fileRef = BB6191EC232413BA007E4C48 /* FavoriteMoviesCoordinator.swift */; };
		BB699748233B044600EBA6B3 /* Flow.framework in Frameworks */ = {isa = PBXBuildFile; fileRef = BB699746233B044600EBA6B3 /* Flow.framework */; };
		BB699749233B044600EBA6B3 /* Flow.framework in Embed Frameworks */ = {isa = PBXBuildFile; fileRef = BB699746233B044600EBA6B3 /* Flow.framework */; settings = {ATTRIBUTES = (CodeSignOnCopy, RemoveHeadersOnCopy, ); }; };
		BB69974A233B044600EBA6B3 /* Ness.framework in Frameworks */ = {isa = PBXBuildFile; fileRef = BB699747233B044600EBA6B3 /* Ness.framework */; };
		BB69974B233B044600EBA6B3 /* Ness.framework in Embed Frameworks */ = {isa = PBXBuildFile; fileRef = BB699747233B044600EBA6B3 /* Ness.framework */; settings = {ATTRIBUTES = (CodeSignOnCopy, RemoveHeadersOnCopy, ); }; };
		BBBC155D233D67D200467BD4 /* SVProgressHUD.framework in Frameworks */ = {isa = PBXBuildFile; fileRef = BBBC155C233D67D200467BD4 /* SVProgressHUD.framework */; };
		BBBC155E233D67D200467BD4 /* SVProgressHUD.framework in Embed Frameworks */ = {isa = PBXBuildFile; fileRef = BBBC155C233D67D200467BD4 /* SVProgressHUD.framework */; settings = {ATTRIBUTES = (CodeSignOnCopy, RemoveHeadersOnCopy, ); }; };
		BBBC1561233D680800467BD4 /* Quick.framework in Frameworks */ = {isa = PBXBuildFile; fileRef = BBBC155F233D680700467BD4 /* Quick.framework */; };
		BBBC1562233D680800467BD4 /* Nimble.framework in Frameworks */ = {isa = PBXBuildFile; fileRef = BBBC1560233D680700467BD4 /* Nimble.framework */; };
		BBBC1564233D684000467BD4 /* Nimble.framework in CopyFiles */ = {isa = PBXBuildFile; fileRef = BBBC1560233D680700467BD4 /* Nimble.framework */; settings = {ATTRIBUTES = (CodeSignOnCopy, RemoveHeadersOnCopy, ); }; };
		BBBC1565233D684000467BD4 /* Quick.framework in CopyFiles */ = {isa = PBXBuildFile; fileRef = BBBC155F233D680700467BD4 /* Quick.framework */; settings = {ATTRIBUTES = (CodeSignOnCopy, RemoveHeadersOnCopy, ); }; };
		BBBC1566233D684000467BD4 /* SVProgressHUD.framework in CopyFiles */ = {isa = PBXBuildFile; fileRef = BBBC155C233D67D200467BD4 /* SVProgressHUD.framework */; settings = {ATTRIBUTES = (CodeSignOnCopy, RemoveHeadersOnCopy, ); }; };
		BBD5097623383206009CA4EE /* FavoriteMovies.xcdatamodeld in Sources */ = {isa = PBXBuildFile; fileRef = BBD5097423383206009CA4EE /* FavoriteMovies.xcdatamodeld */; };
		BBE77CBA2323FDB400A0C872 /* Common.framework in Frameworks */ = {isa = PBXBuildFile; fileRef = BBE77CB92323FDB400A0C872 /* Common.framework */; };
		BBF0A1C02323F0BC00552AF2 /* Favorites.framework in Frameworks */ = {isa = PBXBuildFile; fileRef = BBF0A1B62323F0BC00552AF2 /* Favorites.framework */; };
		BBF0A1C72323F0BC00552AF2 /* Favorites.h in Headers */ = {isa = PBXBuildFile; fileRef = BBF0A1B92323F0BC00552AF2 /* Favorites.h */; settings = {ATTRIBUTES = (Public, ); }; };
/* End PBXBuildFile section */

/* Begin PBXContainerItemProxy section */
		BBF0A1C12323F0BC00552AF2 /* PBXContainerItemProxy */ = {
			isa = PBXContainerItemProxy;
			containerPortal = BBF0A1AD2323F0BC00552AF2 /* Project object */;
			proxyType = 1;
			remoteGlobalIDString = BBF0A1B52323F0BC00552AF2;
			remoteInfo = Favorites;
		};
/* End PBXContainerItemProxy section */

/* Begin PBXCopyFilesBuildPhase section */
		BB69974C233B044600EBA6B3 /* Embed Frameworks */ = {
			isa = PBXCopyFilesBuildPhase;
			buildActionMask = 2147483647;
			dstPath = "";
			dstSubfolderSpec = 10;
			files = (
				BBBC155E233D67D200467BD4 /* SVProgressHUD.framework in Embed Frameworks */,
				BB699749233B044600EBA6B3 /* Flow.framework in Embed Frameworks */,
				BB69974B233B044600EBA6B3 /* Ness.framework in Embed Frameworks */,
			);
			name = "Embed Frameworks";
			runOnlyForDeploymentPostprocessing = 0;
		};
		BBBC1563233D681900467BD4 /* CopyFiles */ = {
			isa = PBXCopyFilesBuildPhase;
			buildActionMask = 2147483647;
			dstPath = "";
			dstSubfolderSpec = 10;
			files = (
				BBBC1564233D684000467BD4 /* Nimble.framework in CopyFiles */,
				BBBC1565233D684000467BD4 /* Quick.framework in CopyFiles */,
				BBBC1566233D684000467BD4 /* SVProgressHUD.framework in CopyFiles */,
			);
			runOnlyForDeploymentPostprocessing = 0;
		};
/* End PBXCopyFilesBuildPhase section */

/* Begin PBXFileReference section */
		365FC3082343EA550004959E /* Movie+Init.swift */ = {isa = PBXFileReference; lastKnownFileType = sourcecode.swift; path = "Movie+Init.swift"; sourceTree = "<group>"; };
		BB082CF02342BC6B00DCE7E1 /* FavoriteMovieTableViewCell.swift */ = {isa = PBXFileReference; lastKnownFileType = sourcecode.swift; path = FavoriteMovieTableViewCell.swift; sourceTree = "<group>"; };
		BB082CF12342BC6B00DCE7E1 /* FavoriteMovieTableViewCell.xib */ = {isa = PBXFileReference; lastKnownFileType = file.xib; path = FavoriteMovieTableViewCell.xib; sourceTree = "<group>"; };
		BB082CF42342C22100DCE7E1 /* Favorites.storyboard */ = {isa = PBXFileReference; lastKnownFileType = file.storyboard; path = Favorites.storyboard; sourceTree = "<group>"; };
		BB082CF62342C26C00DCE7E1 /* FavoriteMoviesListViewController.swift */ = {isa = PBXFileReference; lastKnownFileType = sourcecode.swift; path = FavoriteMoviesListViewController.swift; sourceTree = "<group>"; };
		BB082CFD2342F1D400DCE7E1 /* en-US */ = {isa = PBXFileReference; lastKnownFileType = text.plist.strings; name = "en-US"; path = "en-US.lproj/FavoriteMoviesListViewController.strings"; sourceTree = "<group>"; };
		BB082CFF2342F1D600DCE7E1 /* pt-BR */ = {isa = PBXFileReference; lastKnownFileType = text.plist.strings; name = "pt-BR"; path = "pt-BR.lproj/FavoriteMoviesListViewController.strings"; sourceTree = "<group>"; };
		BB1C1DC52342B3580092265D /* Favorite+CoreDataClass.swift */ = {isa = PBXFileReference; lastKnownFileType = sourcecode.swift; path = "Favorite+CoreDataClass.swift"; sourceTree = "<group>"; };
		BB1C1DC62342B3580092265D /* Favorite+CoreDataProperties.swift */ = {isa = PBXFileReference; lastKnownFileType = sourcecode.swift; path = "Favorite+CoreDataProperties.swift"; sourceTree = "<group>"; };
		BB1C1DCC2342B8260092265D /* FavoriteMoviesListView.xib */ = {isa = PBXFileReference; lastKnownFileType = file.xib; path = FavoriteMoviesListView.xib; sourceTree = "<group>"; };
		BB1C1DCE2342B8330092265D /* FavoriteMoviesListView.swift */ = {isa = PBXFileReference; lastKnownFileType = sourcecode.swift; path = FavoriteMoviesListView.swift; sourceTree = "<group>"; };
		BB1F18BF2346D5F400A70294 /* en-US */ = {isa = PBXFileReference; lastKnownFileType = text.plist.strings; name = "en-US"; path = "en-US.lproj/FavoriteMoviesListView.strings"; sourceTree = "<group>"; };
		BB1F18C12346D5F600A70294 /* pt-BR */ = {isa = PBXFileReference; lastKnownFileType = text.plist.strings; name = "pt-BR"; path = "pt-BR.lproj/FavoriteMoviesListView.strings"; sourceTree = "<group>"; };
		BB58BFEA232EBE3A00A13142 /* en-US */ = {isa = PBXFileReference; lastKnownFileType = text.plist.strings; name = "en-US"; path = "en-US.lproj/FavoriteMoviesCoordinator.strings"; sourceTree = "<group>"; };
		BB58BFEB232EBE4100A13142 /* pt-BR */ = {isa = PBXFileReference; lastKnownFileType = text.plist.strings; name = "pt-BR"; path = "pt-BR.lproj/FavoriteMoviesCoordinator.strings"; sourceTree = "<group>"; };
		BB60458F2348CB880047FA41 /* FavoriteFilterViewController.swift */ = {isa = PBXFileReference; lastKnownFileType = sourcecode.swift; path = FavoriteFilterViewController.swift; sourceTree = "<group>"; };
		BB6045942348CCAE0047FA41 /* en-US */ = {isa = PBXFileReference; lastKnownFileType = text.plist.strings; name = "en-US"; path = "en-US.lproj/FavoriteFilterViewController.strings"; sourceTree = "<group>"; };
		BB6045962348CCAF0047FA41 /* pt-BR */ = {isa = PBXFileReference; lastKnownFileType = text.plist.strings; name = "pt-BR"; path = "pt-BR.lproj/FavoriteFilterViewController.strings"; sourceTree = "<group>"; };
		BB6045972348CDA50047FA41 /* FavoriteFilterView.xib */ = {isa = PBXFileReference; lastKnownFileType = file.xib; path = FavoriteFilterView.xib; sourceTree = "<group>"; };
		BB6045992348CDB40047FA41 /* FavoriteFilterView.swift */ = {isa = PBXFileReference; lastKnownFileType = sourcecode.swift; path = FavoriteFilterView.swift; sourceTree = "<group>"; };
		BB60459E2348CDDC0047FA41 /* en-US */ = {isa = PBXFileReference; lastKnownFileType = text.plist.strings; name = "en-US"; path = "en-US.lproj/FavoriteFilterView.strings"; sourceTree = "<group>"; };
		BB6045A02348CDDD0047FA41 /* pt-BR */ = {isa = PBXFileReference; lastKnownFileType = text.plist.strings; name = "pt-BR"; path = "pt-BR.lproj/FavoriteFilterView.strings"; sourceTree = "<group>"; };
		BB6191E8232411E9007E4C48 /* FavoriteMoviesModule.swift */ = {isa = PBXFileReference; lastKnownFileType = sourcecode.swift; path = FavoriteMoviesModule.swift; sourceTree = "<group>"; };
		BB6191EC232413BA007E4C48 /* FavoriteMoviesCoordinator.swift */ = {isa = PBXFileReference; lastKnownFileType = sourcecode.swift; path = FavoriteMoviesCoordinator.swift; sourceTree = "<group>"; };
		BB699746233B044600EBA6B3 /* Flow.framework */ = {isa = PBXFileReference; explicitFileType = wrapper.framework; path = Flow.framework; sourceTree = BUILT_PRODUCTS_DIR; };
		BB699747233B044600EBA6B3 /* Ness.framework */ = {isa = PBXFileReference; explicitFileType = wrapper.framework; path = Ness.framework; sourceTree = BUILT_PRODUCTS_DIR; };
		BBBC155C233D67D200467BD4 /* SVProgressHUD.framework */ = {isa = PBXFileReference; lastKnownFileType = wrapper.framework; name = SVProgressHUD.framework; path = Carthage/Build/iOS/SVProgressHUD.framework; sourceTree = "<group>"; };
		BBBC155F233D680700467BD4 /* Quick.framework */ = {isa = PBXFileReference; lastKnownFileType = wrapper.framework; name = Quick.framework; path = Carthage/Build/iOS/Quick.framework; sourceTree = "<group>"; };
		BBBC1560233D680700467BD4 /* Nimble.framework */ = {isa = PBXFileReference; lastKnownFileType = wrapper.framework; name = Nimble.framework; path = Carthage/Build/iOS/Nimble.framework; sourceTree = "<group>"; };
		BBD5097523383206009CA4EE /* Favorites.xcdatamodel */ = {isa = PBXFileReference; lastKnownFileType = wrapper.xcdatamodel; path = Favorites.xcdatamodel; sourceTree = "<group>"; };
		BBE77CB92323FDB400A0C872 /* Common.framework */ = {isa = PBXFileReference; explicitFileType = wrapper.framework; path = Common.framework; sourceTree = BUILT_PRODUCTS_DIR; };
		BBF0A1B62323F0BC00552AF2 /* Favorites.framework */ = {isa = PBXFileReference; explicitFileType = wrapper.framework; includeInIndex = 0; path = Favorites.framework; sourceTree = BUILT_PRODUCTS_DIR; };
		BBF0A1B92323F0BC00552AF2 /* Favorites.h */ = {isa = PBXFileReference; lastKnownFileType = sourcecode.c.h; path = Favorites.h; sourceTree = "<group>"; };
		BBF0A1BA2323F0BC00552AF2 /* Info.plist */ = {isa = PBXFileReference; lastKnownFileType = text.plist.xml; path = Info.plist; sourceTree = "<group>"; };
		BBF0A1BF2323F0BC00552AF2 /* FavoritesTests.xctest */ = {isa = PBXFileReference; explicitFileType = wrapper.cfbundle; includeInIndex = 0; path = FavoritesTests.xctest; sourceTree = BUILT_PRODUCTS_DIR; };
		BBF0A1C62323F0BC00552AF2 /* Info.plist */ = {isa = PBXFileReference; lastKnownFileType = text.plist.xml; path = Info.plist; sourceTree = "<group>"; };
		BBF0A22B2323F5A500552AF2 /* Common.framework */ = {isa = PBXFileReference; explicitFileType = wrapper.framework; path = Common.framework; sourceTree = BUILT_PRODUCTS_DIR; };
/* End PBXFileReference section */

/* Begin PBXFrameworksBuildPhase section */
		BBF0A1B32323F0BC00552AF2 /* Frameworks */ = {
			isa = PBXFrameworksBuildPhase;
			buildActionMask = 2147483647;
			files = (
				BB69974A233B044600EBA6B3 /* Ness.framework in Frameworks */,
				BB699748233B044600EBA6B3 /* Flow.framework in Frameworks */,
				BBBC155D233D67D200467BD4 /* SVProgressHUD.framework in Frameworks */,
				BBE77CBA2323FDB400A0C872 /* Common.framework in Frameworks */,
			);
			runOnlyForDeploymentPostprocessing = 0;
		};
		BBF0A1BC2323F0BC00552AF2 /* Frameworks */ = {
			isa = PBXFrameworksBuildPhase;
			buildActionMask = 2147483647;
			files = (
				BBBC1561233D680800467BD4 /* Quick.framework in Frameworks */,
				BBBC1562233D680800467BD4 /* Nimble.framework in Frameworks */,
				BBF0A1C02323F0BC00552AF2 /* Favorites.framework in Frameworks */,
			);
			runOnlyForDeploymentPostprocessing = 0;
		};
/* End PBXFrameworksBuildPhase section */

/* Begin PBXGroup section */
		365FC3062343EA2A0004959E /* Extensions */ = {
			isa = PBXGroup;
			children = (
				365FC3072343EA350004959E /* Model */,
			);
			path = Extensions;
			sourceTree = "<group>";
		};
		365FC3072343EA350004959E /* Model */ = {
			isa = PBXGroup;
			children = (
				365FC3082343EA550004959E /* Movie+Init.swift */,
			);
			path = Model;
			sourceTree = "<group>";
		};
		BB1C1DC92342B7CC0092265D /* Cells */ = {
			isa = PBXGroup;
			children = (
				BB082CF02342BC6B00DCE7E1 /* FavoriteMovieTableViewCell.swift */,
				BB082CF12342BC6B00DCE7E1 /* FavoriteMovieTableViewCell.xib */,
			);
			path = Cells;
			sourceTree = "<group>";
		};
		BB1C1DCA2342B7E10092265D /* Controllers */ = {
			isa = PBXGroup;
			children = (
				BB60458F2348CB880047FA41 /* FavoriteFilterViewController.swift */,
				BB6045952348CCAE0047FA41 /* FavoriteFilterViewController.strings */,
				BB082CF62342C26C00DCE7E1 /* FavoriteMoviesListViewController.swift */,
				BB082CFE2342F1D400DCE7E1 /* FavoriteMoviesListViewController.strings */,
			);
			path = Controllers;
			sourceTree = "<group>";
		};
		BB1C1DCB2342B7F20092265D /* View */ = {
			isa = PBXGroup;
			children = (
				BB6045972348CDA50047FA41 /* FavoriteFilterView.xib */,
				BB6045992348CDB40047FA41 /* FavoriteFilterView.swift */,
				BB60459F2348CDDC0047FA41 /* FavoriteFilterView.strings */,
				BB1C1DCC2342B8260092265D /* FavoriteMoviesListView.xib */,
				BB1C1DCE2342B8330092265D /* FavoriteMoviesListView.swift */,
				BB1F18C02346D5F400A70294 /* FavoriteMoviesListView.strings */,
			);
			path = View;
			sourceTree = "<group>";
		};
		BB6191E6232411CF007E4C48 /* Coordinators */ = {
			isa = PBXGroup;
			children = (
				BB6191EC232413BA007E4C48 /* FavoriteMoviesCoordinator.swift */,
				BB58BFE9232EBE1400A13142 /* FavoriteMoviesCoordinator.strings */,
			);
			path = Coordinators;
			sourceTree = "<group>";
		};
		BB6191E7232411D6007E4C48 /* Modules */ = {
			isa = PBXGroup;
			children = (
				BB6191E8232411E9007E4C48 /* FavoriteMoviesModule.swift */,
			);
			path = Modules;
			sourceTree = "<group>";
		};
		BBD5096F23382E81009CA4EE /* CoreData */ = {
			isa = PBXGroup;
			children = (
				BBD5097023382E89009CA4EE /* Entities */,
			);
			path = CoreData;
			sourceTree = "<group>";
		};
		BBD5097023382E89009CA4EE /* Entities */ = {
			isa = PBXGroup;
			children = (
				BB1C1DC52342B3580092265D /* Favorite+CoreDataClass.swift */,
				BB1C1DC62342B3580092265D /* Favorite+CoreDataProperties.swift */,
			);
			path = Entities;
			sourceTree = "<group>";
		};
		BBD50973233831F1009CA4EE /* Resources */ = {
			isa = PBXGroup;
			children = (
				BBD5097423383206009CA4EE /* FavoriteMovies.xcdatamodeld */,
				BB082CF42342C22100DCE7E1 /* Favorites.storyboard */,
			);
			path = Resources;
			sourceTree = "<group>";
		};
		BBF0A1AC2323F0BC00552AF2 = {
			isa = PBXGroup;
			children = (
				BBF0A1B82323F0BC00552AF2 /* Favorites */,
				BBF0A1C32323F0BC00552AF2 /* FavoritesTests */,
				BBF0A1B72323F0BC00552AF2 /* Products */,
				BBF0A22A2323F5A500552AF2 /* Frameworks */,
			);
			sourceTree = "<group>";
		};
		BBF0A1B72323F0BC00552AF2 /* Products */ = {
			isa = PBXGroup;
			children = (
				BBF0A1B62323F0BC00552AF2 /* Favorites.framework */,
				BBF0A1BF2323F0BC00552AF2 /* FavoritesTests.xctest */,
			);
			name = Products;
			sourceTree = "<group>";
		};
		BBF0A1B82323F0BC00552AF2 /* Favorites */ = {
			isa = PBXGroup;
			children = (
				BB1C1DC92342B7CC0092265D /* Cells */,
				BB1C1DCA2342B7E10092265D /* Controllers */,
				BBD5096F23382E81009CA4EE /* CoreData */,
				BB6191E6232411CF007E4C48 /* Coordinators */,
				365FC3062343EA2A0004959E /* Extensions */,
				BB6191E7232411D6007E4C48 /* Modules */,
				BBD50973233831F1009CA4EE /* Resources */,
				BB1C1DCB2342B7F20092265D /* View */,
				BBF0A1B92323F0BC00552AF2 /* Favorites.h */,
				BBF0A1BA2323F0BC00552AF2 /* Info.plist */,
			);
			path = Favorites;
			sourceTree = "<group>";
		};
		BBF0A1C32323F0BC00552AF2 /* FavoritesTests */ = {
			isa = PBXGroup;
			children = (
				BBF0A1C62323F0BC00552AF2 /* Info.plist */,
			);
			path = FavoritesTests;
			sourceTree = "<group>";
		};
		BBF0A22A2323F5A500552AF2 /* Frameworks */ = {
			isa = PBXGroup;
			children = (
				BBBC1560233D680700467BD4 /* Nimble.framework */,
				BBBC155F233D680700467BD4 /* Quick.framework */,
				BBBC155C233D67D200467BD4 /* SVProgressHUD.framework */,
				BB699746233B044600EBA6B3 /* Flow.framework */,
				BB699747233B044600EBA6B3 /* Ness.framework */,
				BBE77CB92323FDB400A0C872 /* Common.framework */,
				BBF0A22B2323F5A500552AF2 /* Common.framework */,
			);
			name = Frameworks;
			sourceTree = "<group>";
		};
/* End PBXGroup section */

/* Begin PBXHeadersBuildPhase section */
		BBF0A1B12323F0BC00552AF2 /* Headers */ = {
			isa = PBXHeadersBuildPhase;
			buildActionMask = 2147483647;
			files = (
				BBF0A1C72323F0BC00552AF2 /* Favorites.h in Headers */,
			);
			runOnlyForDeploymentPostprocessing = 0;
		};
/* End PBXHeadersBuildPhase section */

/* Begin PBXNativeTarget section */
		BBF0A1B52323F0BC00552AF2 /* Favorites */ = {
			isa = PBXNativeTarget;
			buildConfigurationList = BBF0A1CA2323F0BC00552AF2 /* Build configuration list for PBXNativeTarget "Favorites" */;
			buildPhases = (
				BBF0A1B12323F0BC00552AF2 /* Headers */,
				BBF0A1B22323F0BC00552AF2 /* Sources */,
				BBF0A1B32323F0BC00552AF2 /* Frameworks */,
				BBF0A1B42323F0BC00552AF2 /* Resources */,
				BBF0A1D02323F12300552AF2 /* ShellScript */,
				BB69974C233B044600EBA6B3 /* Embed Frameworks */,
			);
			buildRules = (
			);
			dependencies = (
			);
			name = Favorites;
			productName = Favorites;
			productReference = BBF0A1B62323F0BC00552AF2 /* Favorites.framework */;
			productType = "com.apple.product-type.framework";
		};
		BBF0A1BE2323F0BC00552AF2 /* FavoritesTests */ = {
			isa = PBXNativeTarget;
			buildConfigurationList = BBF0A1CD2323F0BC00552AF2 /* Build configuration list for PBXNativeTarget "FavoritesTests" */;
			buildPhases = (
				BBF0A1BB2323F0BC00552AF2 /* Sources */,
				BBF0A1BC2323F0BC00552AF2 /* Frameworks */,
				BBF0A1BD2323F0BC00552AF2 /* Resources */,
				BBBC1563233D681900467BD4 /* CopyFiles */,
			);
			buildRules = (
			);
			dependencies = (
				BBF0A1C22323F0BC00552AF2 /* PBXTargetDependency */,
			);
			name = FavoritesTests;
			productName = FavoritesTests;
			productReference = BBF0A1BF2323F0BC00552AF2 /* FavoritesTests.xctest */;
			productType = "com.apple.product-type.bundle.unit-test";
		};
/* End PBXNativeTarget section */

/* Begin PBXProject section */
		BBF0A1AD2323F0BC00552AF2 /* Project object */ = {
			isa = PBXProject;
			attributes = {
				LastSwiftUpdateCheck = 1030;
				LastUpgradeCheck = 1030;
				ORGANIZATIONNAME = "José Inácio Athayde Ferrarini";
				TargetAttributes = {
					BBF0A1B52323F0BC00552AF2 = {
						CreatedOnToolsVersion = 10.3;
						LastSwiftMigration = 1030;
					};
					BBF0A1BE2323F0BC00552AF2 = {
						CreatedOnToolsVersion = 10.3;
					};
				};
			};
			buildConfigurationList = BBF0A1B02323F0BC00552AF2 /* Build configuration list for PBXProject "Favorites" */;
			compatibilityVersion = "Xcode 9.3";
			developmentRegion = en;
			hasScannedForEncodings = 0;
			knownRegions = (
				en,
				"en-US",
				"pt-BR",
				Base,
			);
			mainGroup = BBF0A1AC2323F0BC00552AF2;
			productRefGroup = BBF0A1B72323F0BC00552AF2 /* Products */;
			projectDirPath = "";
			projectRoot = "";
			targets = (
				BBF0A1B52323F0BC00552AF2 /* Favorites */,
				BBF0A1BE2323F0BC00552AF2 /* FavoritesTests */,
			);
		};
/* End PBXProject section */

/* Begin PBXResourcesBuildPhase section */
		BBF0A1B42323F0BC00552AF2 /* Resources */ = {
			isa = PBXResourcesBuildPhase;
			buildActionMask = 2147483647;
			files = (
				BB60459D2348CDDC0047FA41 /* FavoriteFilterView.strings in Resources */,
				BB6045982348CDA50047FA41 /* FavoriteFilterView.xib in Resources */,
				BB082CFC2342F1D400DCE7E1 /* FavoriteMoviesListViewController.strings in Resources */,
				BB082CF32342BC6B00DCE7E1 /* FavoriteMovieTableViewCell.xib in Resources */,
				BB1F18BE2346D5F400A70294 /* FavoriteMoviesListView.strings in Resources */,
				BB1C1DCD2342B8260092265D /* FavoriteMoviesListView.xib in Resources */,
				BB082CF52342C22100DCE7E1 /* Favorites.storyboard in Resources */,
				BB6045932348CCAE0047FA41 /* FavoriteFilterViewController.strings in Resources */,
				BB58BFE7232EBE1400A13142 /* FavoriteMoviesCoordinator.strings in Resources */,
			);
			runOnlyForDeploymentPostprocessing = 0;
		};
		BBF0A1BD2323F0BC00552AF2 /* Resources */ = {
			isa = PBXResourcesBuildPhase;
			buildActionMask = 2147483647;
			files = (
			);
			runOnlyForDeploymentPostprocessing = 0;
		};
/* End PBXResourcesBuildPhase section */

/* Begin PBXShellScriptBuildPhase section */
		BBF0A1D02323F12300552AF2 /* ShellScript */ = {
			isa = PBXShellScriptBuildPhase;
			buildActionMask = 2147483647;
			files = (
			);
			inputFileListPaths = (
			);
			inputPaths = (
			);
			outputFileListPaths = (
			);
			outputPaths = (
			);
			runOnlyForDeploymentPostprocessing = 0;
			shellPath = /bin/sh;
			shellScript = "# Type a script or drag a script file from your workspace to insert its path.\nif which swiftlint >/dev/null; then\nswiftlint\nelse\necho \"warning: SwiftLint not installed, download from https://github.com/realm/SwiftLint\"\nfi\n";
		};
/* End PBXShellScriptBuildPhase section */

/* Begin PBXSourcesBuildPhase section */
		BBF0A1B22323F0BC00552AF2 /* Sources */ = {
			isa = PBXSourcesBuildPhase;
			buildActionMask = 2147483647;
			files = (
				BB6045902348CB880047FA41 /* FavoriteFilterViewController.swift in Sources */,
				365FC3092343EA550004959E /* Movie+Init.swift in Sources */,
				BBD5097623383206009CA4EE /* FavoriteMovies.xcdatamodeld in Sources */,
				BB6191ED232413BA007E4C48 /* FavoriteMoviesCoordinator.swift in Sources */,
				BB60459A2348CDB40047FA41 /* FavoriteFilterView.swift in Sources */,
				BB1C1DC72342B3580092265D /* Favorite+CoreDataClass.swift in Sources */,
				BB1C1DCF2342B8330092265D /* FavoriteMoviesListView.swift in Sources */,
				BB082CF22342BC6B00DCE7E1 /* FavoriteMovieTableViewCell.swift in Sources */,
				BB6191E9232411E9007E4C48 /* FavoriteMoviesModule.swift in Sources */,
				BB082CF72342C26C00DCE7E1 /* FavoriteMoviesListViewController.swift in Sources */,
				BB1C1DC82342B3580092265D /* Favorite+CoreDataProperties.swift in Sources */,
			);
			runOnlyForDeploymentPostprocessing = 0;
		};
		BBF0A1BB2323F0BC00552AF2 /* Sources */ = {
			isa = PBXSourcesBuildPhase;
			buildActionMask = 2147483647;
			files = (
			);
			runOnlyForDeploymentPostprocessing = 0;
		};
/* End PBXSourcesBuildPhase section */

/* Begin PBXTargetDependency section */
		BBF0A1C22323F0BC00552AF2 /* PBXTargetDependency */ = {
			isa = PBXTargetDependency;
			target = BBF0A1B52323F0BC00552AF2 /* Favorites */;
			targetProxy = BBF0A1C12323F0BC00552AF2 /* PBXContainerItemProxy */;
		};
/* End PBXTargetDependency section */

/* Begin PBXVariantGroup section */
		BB082CFE2342F1D400DCE7E1 /* FavoriteMoviesListViewController.strings */ = {
			isa = PBXVariantGroup;
			children = (
				BB082CFD2342F1D400DCE7E1 /* en-US */,
				BB082CFF2342F1D600DCE7E1 /* pt-BR */,
			);
			name = FavoriteMoviesListViewController.strings;
			sourceTree = "<group>";
		};
		BB1F18C02346D5F400A70294 /* FavoriteMoviesListView.strings */ = {
			isa = PBXVariantGroup;
			children = (
				BB1F18BF2346D5F400A70294 /* en-US */,
				BB1F18C12346D5F600A70294 /* pt-BR */,
			);
			name = FavoriteMoviesListView.strings;
			sourceTree = "<group>";
		};
		BB58BFE9232EBE1400A13142 /* FavoriteMoviesCoordinator.strings */ = {
			isa = PBXVariantGroup;
			children = (
				BB58BFEA232EBE3A00A13142 /* en-US */,
				BB58BFEB232EBE4100A13142 /* pt-BR */,
			);
			name = FavoriteMoviesCoordinator.strings;
			sourceTree = "<group>";
		};
		BB6045952348CCAE0047FA41 /* FavoriteFilterViewController.strings */ = {
			isa = PBXVariantGroup;
			children = (
				BB6045942348CCAE0047FA41 /* en-US */,
				BB6045962348CCAF0047FA41 /* pt-BR */,
			);
			name = FavoriteFilterViewController.strings;
			sourceTree = "<group>";
		};
		BB60459F2348CDDC0047FA41 /* FavoriteFilterView.strings */ = {
			isa = PBXVariantGroup;
			children = (
				BB60459E2348CDDC0047FA41 /* en-US */,
				BB6045A02348CDDD0047FA41 /* pt-BR */,
			);
			name = FavoriteFilterView.strings;
			sourceTree = "<group>";
		};
/* End PBXVariantGroup section */

/* Begin XCBuildConfiguration section */
		BBF0A1C82323F0BC00552AF2 /* Debug */ = {
			isa = XCBuildConfiguration;
			buildSettings = {
				ALWAYS_SEARCH_USER_PATHS = NO;
				CLANG_ANALYZER_LOCALIZABILITY_NONLOCALIZED = YES;
				CLANG_ANALYZER_NONNULL = YES;
				CLANG_ANALYZER_NUMBER_OBJECT_CONVERSION = YES_AGGRESSIVE;
				CLANG_CXX_LANGUAGE_STANDARD = "gnu++14";
				CLANG_CXX_LIBRARY = "libc++";
				CLANG_ENABLE_MODULES = YES;
				CLANG_ENABLE_OBJC_ARC = YES;
				CLANG_ENABLE_OBJC_WEAK = YES;
				CLANG_WARN_BLOCK_CAPTURE_AUTORELEASING = YES;
				CLANG_WARN_BOOL_CONVERSION = YES;
				CLANG_WARN_COMMA = YES;
				CLANG_WARN_CONSTANT_CONVERSION = YES;
				CLANG_WARN_DEPRECATED_OBJC_IMPLEMENTATIONS = YES;
				CLANG_WARN_DIRECT_OBJC_ISA_USAGE = YES_ERROR;
				CLANG_WARN_DOCUMENTATION_COMMENTS = YES;
				CLANG_WARN_EMPTY_BODY = YES;
				CLANG_WARN_ENUM_CONVERSION = YES;
				CLANG_WARN_INFINITE_RECURSION = YES;
				CLANG_WARN_INT_CONVERSION = YES;
				CLANG_WARN_NON_LITERAL_NULL_CONVERSION = YES;
				CLANG_WARN_OBJC_IMPLICIT_RETAIN_SELF = YES;
				CLANG_WARN_OBJC_LITERAL_CONVERSION = YES;
				CLANG_WARN_OBJC_ROOT_CLASS = YES_ERROR;
				CLANG_WARN_RANGE_LOOP_ANALYSIS = YES;
				CLANG_WARN_STRICT_PROTOTYPES = YES;
				CLANG_WARN_SUSPICIOUS_MOVE = YES;
				CLANG_WARN_UNGUARDED_AVAILABILITY = YES_AGGRESSIVE;
				CLANG_WARN_UNREACHABLE_CODE = YES;
				CLANG_WARN__DUPLICATE_METHOD_MATCH = YES;
				CODE_SIGN_IDENTITY = "iPhone Developer";
				COPY_PHASE_STRIP = NO;
				CURRENT_PROJECT_VERSION = 1;
				DEBUG_INFORMATION_FORMAT = dwarf;
				ENABLE_STRICT_OBJC_MSGSEND = YES;
				ENABLE_TESTABILITY = YES;
				GCC_C_LANGUAGE_STANDARD = gnu11;
				GCC_DYNAMIC_NO_PIC = NO;
				GCC_NO_COMMON_BLOCKS = YES;
				GCC_OPTIMIZATION_LEVEL = 0;
				GCC_PREPROCESSOR_DEFINITIONS = (
					"DEBUG=1",
					"$(inherited)",
				);
				GCC_WARN_64_TO_32_BIT_CONVERSION = YES;
				GCC_WARN_ABOUT_RETURN_TYPE = YES_ERROR;
				GCC_WARN_UNDECLARED_SELECTOR = YES;
				GCC_WARN_UNINITIALIZED_AUTOS = YES_AGGRESSIVE;
				GCC_WARN_UNUSED_FUNCTION = YES;
				GCC_WARN_UNUSED_VARIABLE = YES;
				IPHONEOS_DEPLOYMENT_TARGET = 12.0;
				MTL_ENABLE_DEBUG_INFO = INCLUDE_SOURCE;
				MTL_FAST_MATH = YES;
				ONLY_ACTIVE_ARCH = YES;
				SDKROOT = iphoneos;
				SWIFT_ACTIVE_COMPILATION_CONDITIONS = DEBUG;
				SWIFT_OPTIMIZATION_LEVEL = "-Onone";
				SWIFT_VERSION = 4.2;
				VERSIONING_SYSTEM = "apple-generic";
				VERSION_INFO_PREFIX = "";
			};
			name = Debug;
		};
		BBF0A1C92323F0BC00552AF2 /* Release */ = {
			isa = XCBuildConfiguration;
			buildSettings = {
				ALWAYS_SEARCH_USER_PATHS = NO;
				CLANG_ANALYZER_LOCALIZABILITY_NONLOCALIZED = YES;
				CLANG_ANALYZER_NONNULL = YES;
				CLANG_ANALYZER_NUMBER_OBJECT_CONVERSION = YES_AGGRESSIVE;
				CLANG_CXX_LANGUAGE_STANDARD = "gnu++14";
				CLANG_CXX_LIBRARY = "libc++";
				CLANG_ENABLE_MODULES = YES;
				CLANG_ENABLE_OBJC_ARC = YES;
				CLANG_ENABLE_OBJC_WEAK = YES;
				CLANG_WARN_BLOCK_CAPTURE_AUTORELEASING = YES;
				CLANG_WARN_BOOL_CONVERSION = YES;
				CLANG_WARN_COMMA = YES;
				CLANG_WARN_CONSTANT_CONVERSION = YES;
				CLANG_WARN_DEPRECATED_OBJC_IMPLEMENTATIONS = YES;
				CLANG_WARN_DIRECT_OBJC_ISA_USAGE = YES_ERROR;
				CLANG_WARN_DOCUMENTATION_COMMENTS = YES;
				CLANG_WARN_EMPTY_BODY = YES;
				CLANG_WARN_ENUM_CONVERSION = YES;
				CLANG_WARN_INFINITE_RECURSION = YES;
				CLANG_WARN_INT_CONVERSION = YES;
				CLANG_WARN_NON_LITERAL_NULL_CONVERSION = YES;
				CLANG_WARN_OBJC_IMPLICIT_RETAIN_SELF = YES;
				CLANG_WARN_OBJC_LITERAL_CONVERSION = YES;
				CLANG_WARN_OBJC_ROOT_CLASS = YES_ERROR;
				CLANG_WARN_RANGE_LOOP_ANALYSIS = YES;
				CLANG_WARN_STRICT_PROTOTYPES = YES;
				CLANG_WARN_SUSPICIOUS_MOVE = YES;
				CLANG_WARN_UNGUARDED_AVAILABILITY = YES_AGGRESSIVE;
				CLANG_WARN_UNREACHABLE_CODE = YES;
				CLANG_WARN__DUPLICATE_METHOD_MATCH = YES;
				CODE_SIGN_IDENTITY = "iPhone Developer";
				COPY_PHASE_STRIP = NO;
				CURRENT_PROJECT_VERSION = 1;
				DEBUG_INFORMATION_FORMAT = "dwarf-with-dsym";
				ENABLE_NS_ASSERTIONS = NO;
				ENABLE_STRICT_OBJC_MSGSEND = YES;
				GCC_C_LANGUAGE_STANDARD = gnu11;
				GCC_NO_COMMON_BLOCKS = YES;
				GCC_WARN_64_TO_32_BIT_CONVERSION = YES;
				GCC_WARN_ABOUT_RETURN_TYPE = YES_ERROR;
				GCC_WARN_UNDECLARED_SELECTOR = YES;
				GCC_WARN_UNINITIALIZED_AUTOS = YES_AGGRESSIVE;
				GCC_WARN_UNUSED_FUNCTION = YES;
				GCC_WARN_UNUSED_VARIABLE = YES;
				IPHONEOS_DEPLOYMENT_TARGET = 12.0;
				MTL_ENABLE_DEBUG_INFO = NO;
				MTL_FAST_MATH = YES;
				SDKROOT = iphoneos;
				SWIFT_COMPILATION_MODE = wholemodule;
				SWIFT_OPTIMIZATION_LEVEL = "-O";
				SWIFT_VERSION = 4.2;
				VALIDATE_PRODUCT = YES;
				VERSIONING_SYSTEM = "apple-generic";
				VERSION_INFO_PREFIX = "";
			};
			name = Release;
		};
		BBF0A1CB2323F0BC00552AF2 /* Debug */ = {
			isa = XCBuildConfiguration;
			buildSettings = {
				CLANG_ENABLE_MODULES = YES;
				CODE_SIGN_IDENTITY = "";
				CODE_SIGN_STYLE = Automatic;
				DEFINES_MODULE = YES;
				DEVELOPMENT_TEAM = TS43775FV9;
				DYLIB_COMPATIBILITY_VERSION = 1;
				DYLIB_CURRENT_VERSION = 1;
				DYLIB_INSTALL_NAME_BASE = "@rpath";
				FRAMEWORK_SEARCH_PATHS = (
					"$(inherited)",
					"$(PROJECT_DIR)/Carthage/Build/iOS",
				);
				INFOPLIST_FILE = Favorites/Info.plist;
				INSTALL_PATH = "$(LOCAL_LIBRARY_DIR)/Frameworks";
				LD_RUNPATH_SEARCH_PATHS = (
					"$(inherited)",
					"@executable_path/Frameworks",
					"@loader_path/Frameworks",
				);
				PRODUCT_BUNDLE_IDENTIFIER = com.inacio.concrete.Favorites;
				PRODUCT_NAME = "$(TARGET_NAME:c99extidentifier)";
				SKIP_INSTALL = YES;
				SWIFT_OPTIMIZATION_LEVEL = "-Onone";
				SWIFT_VERSION = 4.2;
				TARGETED_DEVICE_FAMILY = "1,2";
			};
			name = Debug;
		};
		BBF0A1CC2323F0BC00552AF2 /* Release */ = {
			isa = XCBuildConfiguration;
			buildSettings = {
				CLANG_ENABLE_MODULES = YES;
				CODE_SIGN_IDENTITY = "";
				CODE_SIGN_STYLE = Automatic;
				DEFINES_MODULE = YES;
				DEVELOPMENT_TEAM = TS43775FV9;
				DYLIB_COMPATIBILITY_VERSION = 1;
				DYLIB_CURRENT_VERSION = 1;
				DYLIB_INSTALL_NAME_BASE = "@rpath";
				FRAMEWORK_SEARCH_PATHS = (
					"$(inherited)",
					"$(PROJECT_DIR)/Carthage/Build/iOS",
				);
				INFOPLIST_FILE = Favorites/Info.plist;
				INSTALL_PATH = "$(LOCAL_LIBRARY_DIR)/Frameworks";
				LD_RUNPATH_SEARCH_PATHS = (
					"$(inherited)",
					"@executable_path/Frameworks",
					"@loader_path/Frameworks",
				);
				PRODUCT_BUNDLE_IDENTIFIER = com.inacio.concrete.Favorites;
				PRODUCT_NAME = "$(TARGET_NAME:c99extidentifier)";
				SKIP_INSTALL = YES;
				SWIFT_VERSION = 4.2;
				TARGETED_DEVICE_FAMILY = "1,2";
			};
			name = Release;
		};
		BBF0A1CE2323F0BC00552AF2 /* Debug */ = {
			isa = XCBuildConfiguration;
			buildSettings = {
				ALWAYS_EMBED_SWIFT_STANDARD_LIBRARIES = YES;
				CODE_SIGN_STYLE = Automatic;
				DEVELOPMENT_TEAM = TS43775FV9;
				FRAMEWORK_SEARCH_PATHS = (
					"$(inherited)",
					"$(PROJECT_DIR)/Carthage/Build/iOS",
				);
				INFOPLIST_FILE = FavoritesTests/Info.plist;
				LD_RUNPATH_SEARCH_PATHS = (
					"$(inherited)",
					"@executable_path/Frameworks",
					"@loader_path/Frameworks",
				);
				PRODUCT_BUNDLE_IDENTIFIER = com.inacio.concrete.FavoritesTests;
				PRODUCT_NAME = "$(TARGET_NAME)";
				SWIFT_VERSION = 4.2;
				TARGETED_DEVICE_FAMILY = "1,2";
			};
			name = Debug;
		};
		BBF0A1CF2323F0BC00552AF2 /* Release */ = {
			isa = XCBuildConfiguration;
			buildSettings = {
				ALWAYS_EMBED_SWIFT_STANDARD_LIBRARIES = YES;
				CODE_SIGN_STYLE = Automatic;
				DEVELOPMENT_TEAM = TS43775FV9;
				FRAMEWORK_SEARCH_PATHS = (
					"$(inherited)",
					"$(PROJECT_DIR)/Carthage/Build/iOS",
				);
				INFOPLIST_FILE = FavoritesTests/Info.plist;
				LD_RUNPATH_SEARCH_PATHS = (
					"$(inherited)",
					"@executable_path/Frameworks",
					"@loader_path/Frameworks",
				);
				PRODUCT_BUNDLE_IDENTIFIER = com.inacio.concrete.FavoritesTests;
				PRODUCT_NAME = "$(TARGET_NAME)";
				SWIFT_VERSION = 4.2;
				TARGETED_DEVICE_FAMILY = "1,2";
			};
			name = Release;
		};
/* End XCBuildConfiguration section */

/* Begin XCConfigurationList section */
		BBF0A1B02323F0BC00552AF2 /* Build configuration list for PBXProject "Favorites" */ = {
			isa = XCConfigurationList;
			buildConfigurations = (
				BBF0A1C82323F0BC00552AF2 /* Debug */,
				BBF0A1C92323F0BC00552AF2 /* Release */,
			);
			defaultConfigurationIsVisible = 0;
			defaultConfigurationName = Release;
		};
		BBF0A1CA2323F0BC00552AF2 /* Build configuration list for PBXNativeTarget "Favorites" */ = {
			isa = XCConfigurationList;
			buildConfigurations = (
				BBF0A1CB2323F0BC00552AF2 /* Debug */,
				BBF0A1CC2323F0BC00552AF2 /* Release */,
			);
			defaultConfigurationIsVisible = 0;
			defaultConfigurationName = Release;
		};
		BBF0A1CD2323F0BC00552AF2 /* Build configuration list for PBXNativeTarget "FavoritesTests" */ = {
			isa = XCConfigurationList;
			buildConfigurations = (
				BBF0A1CE2323F0BC00552AF2 /* Debug */,
				BBF0A1CF2323F0BC00552AF2 /* Release */,
			);
			defaultConfigurationIsVisible = 0;
			defaultConfigurationName = Release;
		};
/* End XCConfigurationList section */

/* Begin XCVersionGroup section */
		BBD5097423383206009CA4EE /* FavoriteMovies.xcdatamodeld */ = {
			isa = XCVersionGroup;
			children = (
				BBD5097523383206009CA4EE /* Favorites.xcdatamodel */,
			);
			currentVersion = BBD5097523383206009CA4EE /* Favorites.xcdatamodel */;
			path = FavoriteMovies.xcdatamodeld;
			sourceTree = "<group>";
			versionGroupType = wrapper.xcdatamodel;
		};
/* End XCVersionGroup section */
	};
	rootObject = BBF0A1AD2323F0BC00552AF2 /* Project object */;
}
